{"format_version":"1.2","terraform_version":"1.12.2","planned_values":{"root_module":{"resources":[{"address":"azurerm_linux_virtual_machine.tfvm","mode":"managed","type":"azurerm_linux_virtual_machine","name":"tfvm","provider_name":"registry.terraform.io/hashicorp/azurerm","schema_version":0,"values":{"additional_capabilities":[],"admin_password":"ticketapp@1234","admin_ssh_key":[],"admin_username":"adminuser","allow_extension_operations":true,"availability_set_id":null,"boot_diagnostics":[],"custom_data":null,"dedicated_host_group_id":null,"dedicated_host_id":null,"disable_password_authentication":false,"edge_zone":null,"encryption_at_host_enabled":null,"eviction_policy":null,"extensions_time_budget":"PT1H30M","identity":[],"license_type":null,"location":"westus2","max_bid_price":-1,"name":"tf-vm","os_disk":[{"caching":"ReadWrite","diff_disk_settings":[],"disk_encryption_set_id":null,"storage_account_type":"Standard_LRS","write_accelerator_enabled":false}],"patch_mode":"ImageDefault","plan":[],"platform_fault_domain":-1,"priority":"Regular","provision_vm_agent":true,"proximity_placement_group_id":null,"resource_group_name":"tf-resources","secret":[],"secure_boot_enabled":null,"size":"Standard_F2","source_image_id":null,"source_image_reference":[{"offer":"0001-com-ubuntu-server-jammy","publisher":"Canonical","sku":"22_04-lts","version":"latest"}],"tags":null,"timeouts":null,"user_data":null,"virtual_machine_scale_set_id":null,"vtpm_enabled":null,"zone":null},"sensitive_values":{"additional_capabilities":[],"admin_password":true,"admin_ssh_key":[],"boot_diagnostics":[],"custom_data":true,"identity":[],"network_interface_ids":[],"os_disk":[{"diff_disk_settings":[]}],"plan":[],"private_ip_addresses":[],"public_ip_addresses":[],"secret":[],"source_image_reference":[{}],"termination_notification":[]}},{"address":"azurerm_network_interface.networkinterface","mode":"managed","type":"azurerm_network_interface","name":"networkinterface","provider_name":"registry.terraform.io/hashicorp/azurerm","schema_version":0,"values":{"edge_zone":null,"enable_accelerated_networking":false,"enable_ip_forwarding":false,"ip_configuration":[{"name":"internal","private_ip_address_allocation":"Dynamic","private_ip_address_version":"IPv4","public_ip_address_id":null}],"location":"westus2","name":"example-nic","resource_group_name":"tf-resources","tags":null,"timeouts":null},"sensitive_values":{"applied_dns_servers":[],"dns_servers":[],"ip_configuration":[{}],"private_ip_addresses":[]}},{"address":"azurerm_resource_group.rg","mode":"managed","type":"azurerm_resource_group","name":"rg","provider_name":"registry.terraform.io/hashicorp/azurerm","schema_version":0,"values":{"location":"westus2","name":"tf-resources","tags":null,"timeouts":null},"sensitive_values":{}},{"address":"azurerm_subnet.subnet","mode":"managed","type":"azurerm_subnet","name":"subnet","provider_name":"registry.terraform.io/hashicorp/azurerm","schema_version":0,"values":{"address_prefixes":["10.0.2.0/24"],"delegation":[],"enforce_private_link_endpoint_network_policies":false,"enforce_private_link_service_network_policies":false,"name":"internalsubnet","resource_group_name":"tf-resources","service_endpoint_policy_ids":null,"service_endpoints":null,"timeouts":null,"virtual_network_name":"example-network"},"sensitive_values":{"address_prefixes":[false],"delegation":[]}},{"address":"azurerm_virtual_network.examplevn","mode":"managed","type":"azurerm_virtual_network","name":"examplevn","provider_name":"registry.terraform.io/hashicorp/azurerm","schema_version":0,"values":{"address_space":["10.0.0.0/16"],"bgp_community":null,"ddos_protection_plan":[],"edge_zone":null,"flow_timeout_in_minutes":null,"location":"westus2","name":"example-network","resource_group_name":"tf-resources","tags":null,"timeouts":null},"sensitive_values":{"address_space":[false],"ddos_protection_plan":[],"dns_servers":[],"subnet":[]}}]}},"resource_changes":[{"address":"azurerm_linux_virtual_machine.tfvm","mode":"managed","type":"azurerm_linux_virtual_machine","name":"tfvm","provider_name":"registry.terraform.io/hashicorp/azurerm","change":{"actions":["create"],"before":null,"after":{"additional_capabilities":[],"admin_password":"ticketapp@1234","admin_ssh_key":[],"admin_username":"adminuser","allow_extension_operations":true,"availability_set_id":null,"boot_diagnostics":[],"custom_data":null,"dedicated_host_group_id":null,"dedicated_host_id":null,"disable_password_authentication":false,"edge_zone":null,"encryption_at_host_enabled":null,"eviction_policy":null,"extensions_time_budget":"PT1H30M","identity":[],"license_type":null,"location":"westus2","max_bid_price":-1,"name":"tf-vm","os_disk":[{"caching":"ReadWrite","diff_disk_settings":[],"disk_encryption_set_id":null,"storage_account_type":"Standard_LRS","write_accelerator_enabled":false}],"patch_mode":"ImageDefault","plan":[],"platform_fault_domain":-1,"priority":"Regular","provision_vm_agent":true,"proximity_placement_group_id":null,"resource_group_name":"tf-resources","secret":[],"secure_boot_enabled":null,"size":"Standard_F2","source_image_id":null,"source_image_reference":[{"offer":"0001-com-ubuntu-server-jammy","publisher":"Canonical","sku":"22_04-lts","version":"latest"}],"tags":null,"timeouts":null,"user_data":null,"virtual_machine_scale_set_id":null,"vtpm_enabled":null,"zone":null},"after_unknown":{"additional_capabilities":[],"admin_ssh_key":[],"boot_diagnostics":[],"computer_name":true,"id":true,"identity":[],"network_interface_ids":true,"os_disk":[{"diff_disk_settings":[],"disk_size_gb":true,"name":true}],"plan":[],"private_ip_address":true,"private_ip_addresses":true,"public_ip_address":true,"public_ip_addresses":true,"secret":[],"source_image_reference":[{}],"termination_notification":true,"virtual_machine_id":true},"before_sensitive":false,"after_sensitive":{"additional_capabilities":[],"admin_password":true,"admin_ssh_key":[],"boot_diagnostics":[],"custom_data":true,"identity":[],"network_interface_ids":[],"os_disk":[{"diff_disk_settings":[]}],"plan":[],"private_ip_addresses":[],"public_ip_addresses":[],"secret":[],"source_image_reference":[{}],"termination_notification":[]}}},{"address":"azurerm_network_interface.networkinterface","mode":"managed","type":"azurerm_network_interface","name":"networkinterface","provider_name":"registry.terraform.io/hashicorp/azurerm","change":{"actions":["create"],"before":null,"after":{"edge_zone":null,"enable_accelerated_networking":false,"enable_ip_forwarding":false,"ip_configuration":[{"name":"internal","private_ip_address_allocation":"Dynamic","private_ip_address_version":"IPv4","public_ip_address_id":null}],"location":"westus2","name":"example-nic","resource_group_name":"tf-resources","tags":null,"timeouts":null},"after_unknown":{"applied_dns_servers":true,"dns_servers":true,"id":true,"internal_dns_name_label":true,"internal_domain_name_suffix":true,"ip_configuration":[{"gateway_load_balancer_frontend_ip_configuration_id":true,"primary":true,"private_ip_address":true,"subnet_id":true}],"mac_address":true,"private_ip_address":true,"private_ip_addresses":true,"virtual_machine_id":true},"before_sensitive":false,"after_sensitive":{"applied_dns_servers":[],"dns_servers":[],"ip_configuration":[{}],"private_ip_addresses":[]}}},{"address":"azurerm_resource_group.rg","mode":"managed","type":"azurerm_resource_group","name":"rg","provider_name":"registry.terraform.io/hashicorp/azurerm","change":{"actions":["create"],"before":null,"after":{"location":"westus2","name":"tf-resources","tags":null,"timeouts":null},"after_unknown":{"id":true},"before_sensitive":false,"after_sensitive":{}}},{"address":"azurerm_subnet.subnet","mode":"managed","type":"azurerm_subnet","name":"subnet","provider_name":"registry.terraform.io/hashicorp/azurerm","change":{"actions":["create"],"before":null,"after":{"address_prefixes":["10.0.2.0/24"],"delegation":[],"enforce_private_link_endpoint_network_policies":false,"enforce_private_link_service_network_policies":false,"name":"internalsubnet","resource_group_name":"tf-resources","service_endpoint_policy_ids":null,"service_endpoints":null,"timeouts":null,"virtual_network_name":"example-network"},"after_unknown":{"address_prefixes":[false],"delegation":[],"id":true},"before_sensitive":false,"after_sensitive":{"address_prefixes":[false],"delegation":[]}}},{"address":"azurerm_virtual_network.examplevn","mode":"managed","type":"azurerm_virtual_network","name":"examplevn","provider_name":"registry.terraform.io/hashicorp/azurerm","change":{"actions":["create"],"before":null,"after":{"address_space":["10.0.0.0/16"],"bgp_community":null,"ddos_protection_plan":[],"edge_zone":null,"flow_timeout_in_minutes":null,"location":"westus2","name":"example-network","resource_group_name":"tf-resources","tags":null,"timeouts":null},"after_unknown":{"address_space":[false],"ddos_protection_plan":[],"dns_servers":true,"guid":true,"id":true,"subnet":true},"before_sensitive":false,"after_sensitive":{"address_space":[false],"ddos_protection_plan":[],"dns_servers":[],"subnet":[]}}}],"configuration":{"provider_config":{"azurerm":{"name":"azurerm","full_name":"registry.terraform.io/hashicorp/azurerm","version_constraint":"3.0.2","expressions":{"features":[{}]}}},"root_module":{"resources":[{"address":"azurerm_linux_virtual_machine.tfvm","mode":"managed","type":"azurerm_linux_virtual_machine","name":"tfvm","provider_config_key":"azurerm","expressions":{"admin_password":{"constant_value":"ticketapp@1234"},"admin_username":{"constant_value":"adminuser"},"disable_password_authentication":{"constant_value":false},"location":{"references":["azurerm_resource_group.rg.location","azurerm_resource_group.rg"]},"name":{"constant_value":"tf-vm"},"network_interface_ids":{"references":["azurerm_network_interface.networkinterface.id","azurerm_network_interface.networkinterface"]},"os_disk":[{"caching":{"constant_value":"ReadWrite"},"storage_account_type":{"constant_value":"Standard_LRS"}}],"resource_group_name":{"references":["azurerm_resource_group.rg.name","azurerm_resource_group.rg"]},"size":{"constant_value":"Standard_F2"},"source_image_reference":[{"offer":{"constant_value":"0001-com-ubuntu-server-jammy"},"publisher":{"constant_value":"Canonical"},"sku":{"constant_value":"22_04-lts"},"version":{"constant_value":"latest"}}]},"schema_version":0},{"address":"azurerm_network_interface.networkinterface","mode":"managed","type":"azurerm_network_interface","name":"networkinterface","provider_config_key":"azurerm","expressions":{"ip_configuration":[{"name":{"constant_value":"internal"},"private_ip_address_allocation":{"constant_value":"Dynamic"},"subnet_id":{"references":["azurerm_subnet.subnet.id","azurerm_subnet.subnet"]}}],"location":{"references":["azurerm_resource_group.rg.location","azurerm_resource_group.rg"]},"name":{"constant_value":"example-nic"},"resource_group_name":{"references":["azurerm_resource_group.rg.name","azurerm_resource_group.rg"]}},"schema_version":0},{"address":"azurerm_resource_group.rg","mode":"managed","type":"azurerm_resource_group","name":"rg","provider_config_key":"azurerm","expressions":{"location":{"constant_value":"westus2"},"name":{"constant_value":"tf-resources"}},"schema_version":0},{"address":"azurerm_subnet.subnet","mode":"managed","type":"azurerm_subnet","name":"subnet","provider_config_key":"azurerm","expressions":{"address_prefixes":{"constant_value":["10.0.2.0/24"]},"name":{"constant_value":"internalsubnet"},"resource_group_name":{"references":["azurerm_resource_group.rg.name","azurerm_resource_group.rg"]},"virtual_network_name":{"references":["azurerm_virtual_network.examplevn.name","azurerm_virtual_network.examplevn"]}},"schema_version":0},{"address":"azurerm_virtual_network.examplevn","mode":"managed","type":"azurerm_virtual_network","name":"examplevn","provider_config_key":"azurerm","expressions":{"address_space":{"constant_value":["10.0.0.0/16"]},"location":{"references":["azurerm_resource_group.rg.location","azurerm_resource_group.rg"]},"name":{"constant_value":"example-network"},"resource_group_name":{"references":["azurerm_resource_group.rg.name","azurerm_resource_group.rg"]}},"schema_version":0}]}},"relevant_attributes":[{"resource":"azurerm_resource_group.rg","attribute":["location"]},{"resource":"azurerm_resource_group.rg","attribute":["name"]},{"resource":"azurerm_network_interface.networkinterface","attribute":["id"]},{"resource":"azurerm_subnet.subnet","attribute":["id"]},{"resource":"azurerm_virtual_network.examplevn","attribute":["name"]}],"timestamp":"2025-08-06T05:19:53Z","applyable":true,"complete":true,"errored":false}
